// !$*UTF8*$!
{
	archiveVersion = 1;
	classes = {
	};
	objectVersion = 50;
	objects = {

/* Begin PBXBuildFile section */
		8F09984C24B2AEF400B10AB3 /* TitleView.swift in Sources */ = {isa = PBXBuildFile; fileRef = 8F09984B24B2AEF400B10AB3 /* TitleView.swift */; };
		8F09984E24B2AF2900B10AB3 /* SheetHeaderView.swift in Sources */ = {isa = PBXBuildFile; fileRef = 8F09984D24B2AF2900B10AB3 /* SheetHeaderView.swift */; };
		8F09985024B2B0A700B10AB3 /* LoadingView.swift in Sources */ = {isa = PBXBuildFile; fileRef = 8F09984F24B2B0A700B10AB3 /* LoadingView.swift */; };
		8F09985224B2B10600B10AB3 /* EmptyStateView.swift in Sources */ = {isa = PBXBuildFile; fileRef = 8F09985124B2B10600B10AB3 /* EmptyStateView.swift */; };
		8F117B0D261EAB8200B77985 /* Assets.swift in Sources */ = {isa = PBXBuildFile; fileRef = 8F117B0C261EAB8200B77985 /* Assets.swift */; };
		8F27AC4D258553C000A1C3C3 /* Game.swift in Sources */ = {isa = PBXBuildFile; fileRef = 8F4418F624B552C30082F83C /* Game.swift */; };
		8F27AC5A2585791500A1C3C3 /* HttpClient.swift in Sources */ = {isa = PBXBuildFile; fileRef = 8FB59AC224B29C3900ECA2B5 /* HttpClient.swift */; };
		8F29870025854A4A00EEE688 /* WidgetKit.framework in Frameworks */ = {isa = PBXBuildFile; fileRef = 8F2986FF25854A4A00EEE688 /* WidgetKit.framework */; };
		8F29870225854A4A00EEE688 /* SwiftUI.framework in Frameworks */ = {isa = PBXBuildFile; fileRef = 8F29870125854A4A00EEE688 /* SwiftUI.framework */; };
		8F29870525854A4A00EEE688 /* LatestScoresWidget.swift in Sources */ = {isa = PBXBuildFile; fileRef = 8F29870425854A4A00EEE688 /* LatestScoresWidget.swift */; };
		8F29870A25854A4F00EEE688 /* LatestScoresWidget.intentdefinition in Sources */ = {isa = PBXBuildFile; fileRef = 8F29870625854A4A00EEE688 /* LatestScoresWidget.intentdefinition */; };
		8F29870B25854A4F00EEE688 /* LatestScoresWidget.intentdefinition in Sources */ = {isa = PBXBuildFile; fileRef = 8F29870625854A4A00EEE688 /* LatestScoresWidget.intentdefinition */; };
		8F29870E25854A4F00EEE688 /* LatestScoresWidgetExtension.appex in Embed App Extensions */ = {isa = PBXBuildFile; fileRef = 8F2986FD25854A4A00EEE688 /* LatestScoresWidgetExtension.appex */; settings = {ATTRIBUTES = (RemoveHeadersOnCopy, ); }; };
		8F2DC60D2585F5F700522FBE /* Assets.xcassets in Resources */ = {isa = PBXBuildFile; fileRef = 8F2DC60C2585F5F700522FBE /* Assets.xcassets */; };
		8F2DC6162585F66C00522FBE /* Assets.xcassets in Resources */ = {isa = PBXBuildFile; fileRef = 8FEA7EB624B138240010FF91 /* Assets.xcassets */; };
		8F41F37E25BCAEE600AD50FA /* League.swift in Sources */ = {isa = PBXBuildFile; fileRef = 8F41F37D25BCAEE600AD50FA /* League.swift */; };
		8F41F38B25BCC45300AD50FA /* GameStatusEntry.swift in Sources */ = {isa = PBXBuildFile; fileRef = 8F41F38A25BCC45300AD50FA /* GameStatusEntry.swift */; };
		8F41F39525BCC48F00AD50FA /* WidgetEntryView.swift in Sources */ = {isa = PBXBuildFile; fileRef = 8F41F39425BCC48F00AD50FA /* WidgetEntryView.swift */; };
		8F41F39B25BCC4B300AD50FA /* WidgetFooterView.swift in Sources */ = {isa = PBXBuildFile; fileRef = 8F41F39A25BCC4B300AD50FA /* WidgetFooterView.swift */; };
		8F41F3A125BCC4E100AD50FA /* WidgetConfigurationView.swift in Sources */ = {isa = PBXBuildFile; fileRef = 8F41F3A025BCC4E100AD50FA /* WidgetConfigurationView.swift */; };
		8F41F3A725BCC52400AD50FA /* WidgetLastUpdatedView.swift in Sources */ = {isa = PBXBuildFile; fileRef = 8F41F3A625BCC52400AD50FA /* WidgetLastUpdatedView.swift */; };
		8F41F3AE25BCC54B00AD50FA /* WidgetTimelineProvider.swift in Sources */ = {isa = PBXBuildFile; fileRef = 8F41F3AD25BCC54B00AD50FA /* WidgetTimelineProvider.swift */; };
		8F41F3C825BCC74300AD50FA /* AppAction.swift in Sources */ = {isa = PBXBuildFile; fileRef = 8F41F3C725BCC74200AD50FA /* AppAction.swift */; };
		8F41F3CE25BCC77300AD50FA /* AppAppearance.swift in Sources */ = {isa = PBXBuildFile; fileRef = 8F41F3CD25BCC77300AD50FA /* AppAppearance.swift */; };
		8F41F42325BD16A600AD50FA /* ConfigNBATeam+StringValue.swift in Sources */ = {isa = PBXBuildFile; fileRef = 8F41F42225BD16A600AD50FA /* ConfigNBATeam+StringValue.swift */; };
		8F41F42825BD170C00AD50FA /* League.swift in Sources */ = {isa = PBXBuildFile; fileRef = 8F41F37D25BCAEE600AD50FA /* League.swift */; };
		8F41F42E25BD1CF000AD50FA /* ConfigLeague+League.swift in Sources */ = {isa = PBXBuildFile; fileRef = 8F41F42D25BD1CF000AD50FA /* ConfigLeague+League.swift */; };
		8F41F43825BD1D2600AD50FA /* ConfigNFLTeam+StringValue.swift in Sources */ = {isa = PBXBuildFile; fileRef = 8F41F43725BD1D2600AD50FA /* ConfigNFLTeam+StringValue.swift */; };
		8F41F43E25BD1D5000AD50FA /* ConfigMLBTeam+StringValue.swift in Sources */ = {isa = PBXBuildFile; fileRef = 8F41F43D25BD1D5000AD50FA /* ConfigMLBTeam+StringValue.swift */; };
		8F41F44425BD1D7900AD50FA /* ConfigNHLTeam+StringValue.swift in Sources */ = {isa = PBXBuildFile; fileRef = 8F41F44325BD1D7900AD50FA /* ConfigNHLTeam+StringValue.swift */; };
		8F41F46125BD1E3400AD50FA /* ConfigurationIntent+StringValues.swift in Sources */ = {isa = PBXBuildFile; fileRef = 8F41F46025BD1E3400AD50FA /* ConfigurationIntent+StringValues.swift */; };
		8F4418F824B552C30082F83C /* Game.swift in Sources */ = {isa = PBXBuildFile; fileRef = 8F4418F624B552C30082F83C /* Game.swift */; };
		8F4418FB24B552DA0082F83C /* AppState.swift in Sources */ = {isa = PBXBuildFile; fileRef = 8F4418FA24B552DA0082F83C /* AppState.swift */; };
		8F4418FE24B5711F0082F83C /* SportCellButtonStyle.swift in Sources */ = {isa = PBXBuildFile; fileRef = 8F4418FD24B5711F0082F83C /* SportCellButtonStyle.swift */; };
		8F44190024B5842B0082F83C /* DismissSheetButton.swift in Sources */ = {isa = PBXBuildFile; fileRef = 8F4418FF24B5842B0082F83C /* DismissSheetButton.swift */; };
		8F5BB8DD261EADB50019F32A /* League+LatestScores.swift in Sources */ = {isa = PBXBuildFile; fileRef = 8F5BB8DC261EADB50019F32A /* League+LatestScores.swift */; };
		8F5BB8E3261EAE560019F32A /* SwiftUI+LatestScores.swift in Sources */ = {isa = PBXBuildFile; fileRef = 8F5BB8E2261EAE560019F32A /* SwiftUI+LatestScores.swift */; };
		8F5BB8EC261EB3570019F32A /* SwiftUI+LatestScores.swift in Sources */ = {isa = PBXBuildFile; fileRef = 8F5BB8E2261EAE560019F32A /* SwiftUI+LatestScores.swift */; };
		8F5BB8F1261EB35B0019F32A /* Assets.swift in Sources */ = {isa = PBXBuildFile; fileRef = 8F117B0C261EAB8200B77985 /* Assets.swift */; };
		8F72CF3E24B4032A002CBCD9 /* GameTest.swift in Sources */ = {isa = PBXBuildFile; fileRef = 8F72CF3D24B4032A002CBCD9 /* GameTest.swift */; };
		8FB59AC324B29C3900ECA2B5 /* HttpClient.swift in Sources */ = {isa = PBXBuildFile; fileRef = 8FB59AC224B29C3900ECA2B5 /* HttpClient.swift */; };
		8FD828DC24B16B6E007D813A /* GameCell.swift in Sources */ = {isa = PBXBuildFile; fileRef = 8FD828DB24B16B6E007D813A /* GameCell.swift */; };
		8FD828DE24B16CD8007D813A /* SportCell.swift in Sources */ = {isa = PBXBuildFile; fileRef = 8FD828DD24B16CD8007D813A /* SportCell.swift */; };
		8FEA7EB324B138230010FF91 /* LatestScoresApp.swift in Sources */ = {isa = PBXBuildFile; fileRef = 8FEA7EB224B138230010FF91 /* LatestScoresApp.swift */; };
		8FEA7EB524B138230010FF91 /* SportsListView.swift in Sources */ = {isa = PBXBuildFile; fileRef = 8FEA7EB424B138230010FF91 /* SportsListView.swift */; };
		8FEA7EB724B138240010FF91 /* Assets.xcassets in Resources */ = {isa = PBXBuildFile; fileRef = 8FEA7EB624B138240010FF91 /* Assets.xcassets */; };
		8FEA7EBA24B138240010FF91 /* Preview Assets.xcassets in Resources */ = {isa = PBXBuildFile; fileRef = 8FEA7EB924B138240010FF91 /* Preview Assets.xcassets */; };
		8FEA7ED024B138250010FF91 /* LatestScoresUITests.swift in Sources */ = {isa = PBXBuildFile; fileRef = 8FEA7ECF24B138250010FF91 /* LatestScoresUITests.swift */; };
		8FEA7EE024B159340010FF91 /* GamesListView.swift in Sources */ = {isa = PBXBuildFile; fileRef = 8FEA7EDF24B159340010FF91 /* GamesListView.swift */; };
/* End PBXBuildFile section */

/* Begin PBXContainerItemProxy section */
		8F29870C25854A4F00EEE688 /* PBXContainerItemProxy */ = {
			isa = PBXContainerItemProxy;
			containerPortal = 8FEA7EA724B138230010FF91 /* Project object */;
			proxyType = 1;
			remoteGlobalIDString = 8F2986FC25854A4A00EEE688;
			remoteInfo = "team-widgetExtension";
		};
		8FEA7EC124B138250010FF91 /* PBXContainerItemProxy */ = {
			isa = PBXContainerItemProxy;
			containerPortal = 8FEA7EA724B138230010FF91 /* Project object */;
			proxyType = 1;
			remoteGlobalIDString = 8FEA7EAE24B138230010FF91;
			remoteInfo = "pablq-app";
		};
		8FEA7ECC24B138250010FF91 /* PBXContainerItemProxy */ = {
			isa = PBXContainerItemProxy;
			containerPortal = 8FEA7EA724B138230010FF91 /* Project object */;
			proxyType = 1;
			remoteGlobalIDString = 8FEA7EAE24B138230010FF91;
			remoteInfo = "pablq-app";
		};
/* End PBXContainerItemProxy section */

/* Begin PBXCopyFilesBuildPhase section */
		8F29870F25854A4F00EEE688 /* Embed App Extensions */ = {
			isa = PBXCopyFilesBuildPhase;
			buildActionMask = 2147483647;
			dstPath = "";
			dstSubfolderSpec = 13;
			files = (
				8F29870E25854A4F00EEE688 /* LatestScoresWidgetExtension.appex in Embed App Extensions */,
			);
			name = "Embed App Extensions";
			runOnlyForDeploymentPostprocessing = 0;
		};
/* End PBXCopyFilesBuildPhase section */

/* Begin PBXFileReference section */
		8F09984B24B2AEF400B10AB3 /* TitleView.swift */ = {isa = PBXFileReference; lastKnownFileType = sourcecode.swift; path = TitleView.swift; sourceTree = "<group>"; };
		8F09984D24B2AF2900B10AB3 /* SheetHeaderView.swift */ = {isa = PBXFileReference; lastKnownFileType = sourcecode.swift; path = SheetHeaderView.swift; sourceTree = "<group>"; };
		8F09984F24B2B0A700B10AB3 /* LoadingView.swift */ = {isa = PBXFileReference; lastKnownFileType = sourcecode.swift; path = LoadingView.swift; sourceTree = "<group>"; };
		8F09985124B2B10600B10AB3 /* EmptyStateView.swift */ = {isa = PBXFileReference; lastKnownFileType = sourcecode.swift; path = EmptyStateView.swift; sourceTree = "<group>"; };
		8F117B0C261EAB8200B77985 /* Assets.swift */ = {isa = PBXFileReference; lastKnownFileType = sourcecode.swift; path = Assets.swift; sourceTree = "<group>"; };
		8F2986FD25854A4A00EEE688 /* LatestScoresWidgetExtension.appex */ = {isa = PBXFileReference; explicitFileType = "wrapper.app-extension"; includeInIndex = 0; path = LatestScoresWidgetExtension.appex; sourceTree = BUILT_PRODUCTS_DIR; };
		8F2986FF25854A4A00EEE688 /* WidgetKit.framework */ = {isa = PBXFileReference; lastKnownFileType = wrapper.framework; name = WidgetKit.framework; path = System/Library/Frameworks/WidgetKit.framework; sourceTree = SDKROOT; };
		8F29870125854A4A00EEE688 /* SwiftUI.framework */ = {isa = PBXFileReference; lastKnownFileType = wrapper.framework; name = SwiftUI.framework; path = System/Library/Frameworks/SwiftUI.framework; sourceTree = SDKROOT; };
		8F29870425854A4A00EEE688 /* LatestScoresWidget.swift */ = {isa = PBXFileReference; lastKnownFileType = sourcecode.swift; path = LatestScoresWidget.swift; sourceTree = "<group>"; };
		8F29870625854A4A00EEE688 /* LatestScoresWidget.intentdefinition */ = {isa = PBXFileReference; lastKnownFileType = file.intentdefinition; path = LatestScoresWidget.intentdefinition; sourceTree = "<group>"; };
		8F29870925854A4F00EEE688 /* Info.plist */ = {isa = PBXFileReference; lastKnownFileType = text.plist.xml; path = Info.plist; sourceTree = "<group>"; };
		8F2DC60C2585F5F700522FBE /* Assets.xcassets */ = {isa = PBXFileReference; lastKnownFileType = folder.assetcatalog; path = Assets.xcassets; sourceTree = "<group>"; };
		8F41F37D25BCAEE600AD50FA /* League.swift */ = {isa = PBXFileReference; lastKnownFileType = sourcecode.swift; path = League.swift; sourceTree = "<group>"; };
		8F41F38A25BCC45300AD50FA /* GameStatusEntry.swift */ = {isa = PBXFileReference; lastKnownFileType = sourcecode.swift; path = GameStatusEntry.swift; sourceTree = "<group>"; };
		8F41F39425BCC48F00AD50FA /* WidgetEntryView.swift */ = {isa = PBXFileReference; lastKnownFileType = sourcecode.swift; path = WidgetEntryView.swift; sourceTree = "<group>"; };
		8F41F39A25BCC4B300AD50FA /* WidgetFooterView.swift */ = {isa = PBXFileReference; lastKnownFileType = sourcecode.swift; path = WidgetFooterView.swift; sourceTree = "<group>"; };
		8F41F3A025BCC4E100AD50FA /* WidgetConfigurationView.swift */ = {isa = PBXFileReference; lastKnownFileType = sourcecode.swift; path = WidgetConfigurationView.swift; sourceTree = "<group>"; };
		8F41F3A625BCC52400AD50FA /* WidgetLastUpdatedView.swift */ = {isa = PBXFileReference; lastKnownFileType = sourcecode.swift; path = WidgetLastUpdatedView.swift; sourceTree = "<group>"; };
		8F41F3AD25BCC54B00AD50FA /* WidgetTimelineProvider.swift */ = {isa = PBXFileReference; lastKnownFileType = sourcecode.swift; path = WidgetTimelineProvider.swift; sourceTree = "<group>"; };
		8F41F3C725BCC74200AD50FA /* AppAction.swift */ = {isa = PBXFileReference; lastKnownFileType = sourcecode.swift; path = AppAction.swift; sourceTree = "<group>"; };
		8F41F3CD25BCC77300AD50FA /* AppAppearance.swift */ = {isa = PBXFileReference; lastKnownFileType = sourcecode.swift; path = AppAppearance.swift; sourceTree = "<group>"; };
		8F41F3F925BCDD5000AD50FA /* LatestScoresWidgetExtension.entitlements */ = {isa = PBXFileReference; lastKnownFileType = text.plist.entitlements; path = LatestScoresWidgetExtension.entitlements; sourceTree = "<group>"; };
		8F41F42225BD16A600AD50FA /* ConfigNBATeam+StringValue.swift */ = {isa = PBXFileReference; lastKnownFileType = sourcecode.swift; path = "ConfigNBATeam+StringValue.swift"; sourceTree = "<group>"; };
		8F41F42D25BD1CF000AD50FA /* ConfigLeague+League.swift */ = {isa = PBXFileReference; lastKnownFileType = sourcecode.swift; path = "ConfigLeague+League.swift"; sourceTree = "<group>"; };
		8F41F43725BD1D2600AD50FA /* ConfigNFLTeam+StringValue.swift */ = {isa = PBXFileReference; lastKnownFileType = sourcecode.swift; path = "ConfigNFLTeam+StringValue.swift"; sourceTree = "<group>"; };
		8F41F43D25BD1D5000AD50FA /* ConfigMLBTeam+StringValue.swift */ = {isa = PBXFileReference; lastKnownFileType = sourcecode.swift; path = "ConfigMLBTeam+StringValue.swift"; sourceTree = "<group>"; };
		8F41F44325BD1D7900AD50FA /* ConfigNHLTeam+StringValue.swift */ = {isa = PBXFileReference; lastKnownFileType = sourcecode.swift; path = "ConfigNHLTeam+StringValue.swift"; sourceTree = "<group>"; };
		8F41F46025BD1E3400AD50FA /* ConfigurationIntent+StringValues.swift */ = {isa = PBXFileReference; lastKnownFileType = sourcecode.swift; path = "ConfigurationIntent+StringValues.swift"; sourceTree = "<group>"; };
		8F4418F624B552C30082F83C /* Game.swift */ = {isa = PBXFileReference; fileEncoding = 4; lastKnownFileType = sourcecode.swift; path = Game.swift; sourceTree = "<group>"; };
		8F4418FA24B552DA0082F83C /* AppState.swift */ = {isa = PBXFileReference; lastKnownFileType = sourcecode.swift; path = AppState.swift; sourceTree = "<group>"; };
		8F4418FD24B5711F0082F83C /* SportCellButtonStyle.swift */ = {isa = PBXFileReference; lastKnownFileType = sourcecode.swift; path = SportCellButtonStyle.swift; sourceTree = "<group>"; };
		8F4418FF24B5842B0082F83C /* DismissSheetButton.swift */ = {isa = PBXFileReference; lastKnownFileType = sourcecode.swift; path = DismissSheetButton.swift; sourceTree = "<group>"; };
		8F5BB8DC261EADB50019F32A /* League+LatestScores.swift */ = {isa = PBXFileReference; lastKnownFileType = sourcecode.swift; path = "League+LatestScores.swift"; sourceTree = "<group>"; };
		8F5BB8E2261EAE560019F32A /* SwiftUI+LatestScores.swift */ = {isa = PBXFileReference; lastKnownFileType = sourcecode.swift; path = "SwiftUI+LatestScores.swift"; sourceTree = "<group>"; };
		8F72CF3D24B4032A002CBCD9 /* GameTest.swift */ = {isa = PBXFileReference; lastKnownFileType = sourcecode.swift; path = GameTest.swift; sourceTree = "<group>"; };
		8FB59AC224B29C3900ECA2B5 /* HttpClient.swift */ = {isa = PBXFileReference; lastKnownFileType = sourcecode.swift; path = HttpClient.swift; sourceTree = "<group>"; };
		8FD828DB24B16B6E007D813A /* GameCell.swift */ = {isa = PBXFileReference; lastKnownFileType = sourcecode.swift; path = GameCell.swift; sourceTree = "<group>"; };
		8FD828DD24B16CD8007D813A /* SportCell.swift */ = {isa = PBXFileReference; lastKnownFileType = sourcecode.swift; path = SportCell.swift; sourceTree = "<group>"; };
		8FEA7EAF24B138230010FF91 /* LatestScores.app */ = {isa = PBXFileReference; explicitFileType = wrapper.application; includeInIndex = 0; path = LatestScores.app; sourceTree = BUILT_PRODUCTS_DIR; };
		8FEA7EB224B138230010FF91 /* LatestScoresApp.swift */ = {isa = PBXFileReference; lastKnownFileType = sourcecode.swift; path = LatestScoresApp.swift; sourceTree = "<group>"; };
		8FEA7EB424B138230010FF91 /* SportsListView.swift */ = {isa = PBXFileReference; lastKnownFileType = sourcecode.swift; path = SportsListView.swift; sourceTree = "<group>"; };
		8FEA7EB624B138240010FF91 /* Assets.xcassets */ = {isa = PBXFileReference; lastKnownFileType = folder.assetcatalog; path = Assets.xcassets; sourceTree = "<group>"; };
		8FEA7EB924B138240010FF91 /* Preview Assets.xcassets */ = {isa = PBXFileReference; lastKnownFileType = folder.assetcatalog; path = "Preview Assets.xcassets"; sourceTree = "<group>"; };
		8FEA7EBB24B138240010FF91 /* Info.plist */ = {isa = PBXFileReference; lastKnownFileType = text.plist.xml; path = Info.plist; sourceTree = "<group>"; };
		8FEA7EC024B138250010FF91 /* LatestScoresTests.xctest */ = {isa = PBXFileReference; explicitFileType = wrapper.cfbundle; includeInIndex = 0; path = LatestScoresTests.xctest; sourceTree = BUILT_PRODUCTS_DIR; };
		8FEA7EC624B138250010FF91 /* Info.plist */ = {isa = PBXFileReference; lastKnownFileType = text.plist.xml; path = Info.plist; sourceTree = "<group>"; };
		8FEA7ECB24B138250010FF91 /* LatestScoresUITests.xctest */ = {isa = PBXFileReference; explicitFileType = wrapper.cfbundle; includeInIndex = 0; path = LatestScoresUITests.xctest; sourceTree = BUILT_PRODUCTS_DIR; };
		8FEA7ECF24B138250010FF91 /* LatestScoresUITests.swift */ = {isa = PBXFileReference; lastKnownFileType = sourcecode.swift; path = LatestScoresUITests.swift; sourceTree = "<group>"; };
		8FEA7ED124B138250010FF91 /* Info.plist */ = {isa = PBXFileReference; lastKnownFileType = text.plist.xml; path = Info.plist; sourceTree = "<group>"; };
		8FEA7EDF24B159340010FF91 /* GamesListView.swift */ = {isa = PBXFileReference; lastKnownFileType = sourcecode.swift; path = GamesListView.swift; sourceTree = "<group>"; };
/* End PBXFileReference section */

/* Begin PBXFrameworksBuildPhase section */
		8F2986FA25854A4A00EEE688 /* Frameworks */ = {
			isa = PBXFrameworksBuildPhase;
			buildActionMask = 2147483647;
			files = (
				8F29870225854A4A00EEE688 /* SwiftUI.framework in Frameworks */,
				8F29870025854A4A00EEE688 /* WidgetKit.framework in Frameworks */,
			);
			runOnlyForDeploymentPostprocessing = 0;
		};
		8FEA7EAC24B138230010FF91 /* Frameworks */ = {
			isa = PBXFrameworksBuildPhase;
			buildActionMask = 2147483647;
			files = (
			);
			runOnlyForDeploymentPostprocessing = 0;
		};
		8FEA7EBD24B138250010FF91 /* Frameworks */ = {
			isa = PBXFrameworksBuildPhase;
			buildActionMask = 2147483647;
			files = (
			);
			runOnlyForDeploymentPostprocessing = 0;
		};
		8FEA7EC824B138250010FF91 /* Frameworks */ = {
			isa = PBXFrameworksBuildPhase;
			buildActionMask = 2147483647;
			files = (
			);
			runOnlyForDeploymentPostprocessing = 0;
		};
/* End PBXFrameworksBuildPhase section */

/* Begin PBXGroup section */
		8F117B0B261EAB5800B77985 /* Assets */ = {
			isa = PBXGroup;
			children = (
				8F117B0C261EAB8200B77985 /* Assets.swift */,
				8FEA7EB624B138240010FF91 /* Assets.xcassets */,
				8F5BB8E2261EAE560019F32A /* SwiftUI+LatestScores.swift */,
			);
			path = Assets;
			sourceTree = "<group>";
		};
		8F2986FE25854A4A00EEE688 /* Frameworks */ = {
			isa = PBXGroup;
			children = (
				8F2986FF25854A4A00EEE688 /* WidgetKit.framework */,
				8F29870125854A4A00EEE688 /* SwiftUI.framework */,
			);
			name = Frameworks;
			sourceTree = "<group>";
		};
		8F29870325854A4A00EEE688 /* LatestScoresWidget */ = {
			isa = PBXGroup;
			children = (
				8F41F44E25BD1DD300AD50FA /* Config */,
				8F41F3AC25BCC53A00AD50FA /* Timeline */,
				8F41F38925BCC2FA00AD50FA /* Model */,
				8F41F38825BCC2F300AD50FA /* View */,
				8F29870425854A4A00EEE688 /* LatestScoresWidget.swift */,
				8F29870925854A4F00EEE688 /* Info.plist */,
				8F2DC60C2585F5F700522FBE /* Assets.xcassets */,
			);
			path = LatestScoresWidget;
			sourceTree = "<group>";
		};
		8F41F38825BCC2F300AD50FA /* View */ = {
			isa = PBXGroup;
			children = (
				8F41F39425BCC48F00AD50FA /* WidgetEntryView.swift */,
				8F41F39A25BCC4B300AD50FA /* WidgetFooterView.swift */,
				8F41F3A025BCC4E100AD50FA /* WidgetConfigurationView.swift */,
				8F41F3A625BCC52400AD50FA /* WidgetLastUpdatedView.swift */,
			);
			path = View;
			sourceTree = "<group>";
		};
		8F41F38925BCC2FA00AD50FA /* Model */ = {
			isa = PBXGroup;
			children = (
				8F41F38A25BCC45300AD50FA /* GameStatusEntry.swift */,
			);
			path = Model;
			sourceTree = "<group>";
		};
		8F41F3AC25BCC53A00AD50FA /* Timeline */ = {
			isa = PBXGroup;
			children = (
				8F41F3AD25BCC54B00AD50FA /* WidgetTimelineProvider.swift */,
			);
			path = Timeline;
			sourceTree = "<group>";
		};
		8F41F44E25BD1DD300AD50FA /* Config */ = {
			isa = PBXGroup;
			children = (
				8F41F42D25BD1CF000AD50FA /* ConfigLeague+League.swift */,
				8F41F43D25BD1D5000AD50FA /* ConfigMLBTeam+StringValue.swift */,
				8F41F43725BD1D2600AD50FA /* ConfigNFLTeam+StringValue.swift */,
				8F41F44325BD1D7900AD50FA /* ConfigNHLTeam+StringValue.swift */,
				8F41F42225BD16A600AD50FA /* ConfigNBATeam+StringValue.swift */,
				8F41F46025BD1E3400AD50FA /* ConfigurationIntent+StringValues.swift */,
				8F29870625854A4A00EEE688 /* LatestScoresWidget.intentdefinition */,
			);
			path = Config;
			sourceTree = "<group>";
		};
		8F4418F524B552C30082F83C /* Model */ = {
			isa = PBXGroup;
			children = (
				8F4418F624B552C30082F83C /* Game.swift */,
				8F41F37D25BCAEE600AD50FA /* League.swift */,
				8F5BB8DC261EADB50019F32A /* League+LatestScores.swift */,
			);
			path = Model;
			sourceTree = "<group>";
		};
		8FA1FF0F24B5521400290496 /* State */ = {
			isa = PBXGroup;
			children = (
				8F41F3C725BCC74200AD50FA /* AppAction.swift */,
				8F41F3CD25BCC77300AD50FA /* AppAppearance.swift */,
				8F4418FA24B552DA0082F83C /* AppState.swift */,
			);
			path = State;
			sourceTree = "<group>";
		};
		8FBD86D724B292E600D0ED6C /* SportsList */ = {
			isa = PBXGroup;
			children = (
				8FD828DD24B16CD8007D813A /* SportCell.swift */,
				8F4418FD24B5711F0082F83C /* SportCellButtonStyle.swift */,
				8FEA7EB424B138230010FF91 /* SportsListView.swift */,
			);
			path = SportsList;
			sourceTree = "<group>";
		};
		8FBD86D824B292EF00D0ED6C /* GamesList */ = {
			isa = PBXGroup;
			children = (
				8F4418FF24B5842B0082F83C /* DismissSheetButton.swift */,
				8F09985124B2B10600B10AB3 /* EmptyStateView.swift */,
				8FD828DB24B16B6E007D813A /* GameCell.swift */,
				8FEA7EDF24B159340010FF91 /* GamesListView.swift */,
				8F09984F24B2B0A700B10AB3 /* LoadingView.swift */,
				8F09984D24B2AF2900B10AB3 /* SheetHeaderView.swift */,
				8F09984B24B2AEF400B10AB3 /* TitleView.swift */,
			);
			path = GamesList;
			sourceTree = "<group>";
		};
		8FEA7EA624B138230010FF91 = {
			isa = PBXGroup;
			children = (
				8F41F3F925BCDD5000AD50FA /* LatestScoresWidgetExtension.entitlements */,
				8FEA7EB124B138230010FF91 /* LatestScores */,
				8FEA7EC324B138250010FF91 /* LatestScoresTests */,
				8FEA7ECE24B138250010FF91 /* LatestScoresUITests */,
				8F29870325854A4A00EEE688 /* LatestScoresWidget */,
				8F2986FE25854A4A00EEE688 /* Frameworks */,
				8FEA7EB024B138230010FF91 /* Products */,
			);
			sourceTree = "<group>";
		};
		8FEA7EB024B138230010FF91 /* Products */ = {
			isa = PBXGroup;
			children = (
				8FEA7EAF24B138230010FF91 /* LatestScores.app */,
				8FEA7EC024B138250010FF91 /* LatestScoresTests.xctest */,
				8FEA7ECB24B138250010FF91 /* LatestScoresUITests.xctest */,
				8F2986FD25854A4A00EEE688 /* LatestScoresWidgetExtension.appex */,
			);
			name = Products;
			sourceTree = "<group>";
		};
		8FEA7EB124B138230010FF91 /* LatestScores */ = {
			isa = PBXGroup;
			children = (
				8F117B0B261EAB5800B77985 /* Assets */,
				8FA1FF0F24B5521400290496 /* State */,
				8FEA7EE524B15A6A0010FF91 /* Service */,
				8FEA7EDE24B158AD0010FF91 /* View */,
				8F4418F524B552C30082F83C /* Model */,
				8FEA7EB224B138230010FF91 /* LatestScoresApp.swift */,
				8FEA7EBB24B138240010FF91 /* Info.plist */,
				8FEA7EB824B138240010FF91 /* Preview Content */,
			);
			path = LatestScores;
			sourceTree = "<group>";
		};
		8FEA7EB824B138240010FF91 /* Preview Content */ = {
			isa = PBXGroup;
			children = (
				8FEA7EB924B138240010FF91 /* Preview Assets.xcassets */,
			);
			path = "Preview Content";
			sourceTree = "<group>";
		};
		8FEA7EC324B138250010FF91 /* LatestScoresTests */ = {
			isa = PBXGroup;
			children = (
				8F72CF3D24B4032A002CBCD9 /* GameTest.swift */,
				8FEA7EC624B138250010FF91 /* Info.plist */,
			);
			path = LatestScoresTests;
			sourceTree = "<group>";
		};
		8FEA7ECE24B138250010FF91 /* LatestScoresUITests */ = {
			isa = PBXGroup;
			children = (
				8FEA7ECF24B138250010FF91 /* LatestScoresUITests.swift */,
				8FEA7ED124B138250010FF91 /* Info.plist */,
			);
			path = LatestScoresUITests;
			sourceTree = "<group>";
		};
		8FEA7EDE24B158AD0010FF91 /* View */ = {
			isa = PBXGroup;
			children = (
				8FBD86D824B292EF00D0ED6C /* GamesList */,
				8FBD86D724B292E600D0ED6C /* SportsList */,
			);
			path = View;
			sourceTree = "<group>";
		};
		8FEA7EE524B15A6A0010FF91 /* Service */ = {
			isa = PBXGroup;
			children = (
				8FB59AC224B29C3900ECA2B5 /* HttpClient.swift */,
			);
			path = Service;
			sourceTree = "<group>";
		};
/* End PBXGroup section */

/* Begin PBXNativeTarget section */
		8F2986FC25854A4A00EEE688 /* LatestScoresWidgetExtension */ = {
			isa = PBXNativeTarget;
			buildConfigurationList = 8F29871225854A4F00EEE688 /* Build configuration list for PBXNativeTarget "LatestScoresWidgetExtension" */;
			buildPhases = (
				8F2986F925854A4A00EEE688 /* Sources */,
				8F2986FA25854A4A00EEE688 /* Frameworks */,
				8F2986FB25854A4A00EEE688 /* Resources */,
			);
			buildRules = (
			);
			dependencies = (
			);
			name = LatestScoresWidgetExtension;
			productName = "team-widgetExtension";
			productReference = 8F2986FD25854A4A00EEE688 /* LatestScoresWidgetExtension.appex */;
			productType = "com.apple.product-type.app-extension";
		};
		8FEA7EAE24B138230010FF91 /* LatestScores */ = {
			isa = PBXNativeTarget;
			buildConfigurationList = 8FEA7ED424B138250010FF91 /* Build configuration list for PBXNativeTarget "LatestScores" */;
			buildPhases = (
				8F0A519A261E9E010073792F /* Swiftlint */,
				8FEA7EAB24B138230010FF91 /* Sources */,
				8FEA7EAC24B138230010FF91 /* Frameworks */,
				8FEA7EAD24B138230010FF91 /* Resources */,
				8F29870F25854A4F00EEE688 /* Embed App Extensions */,
			);
			buildRules = (
			);
			dependencies = (
				8F29870D25854A4F00EEE688 /* PBXTargetDependency */,
			);
			name = LatestScores;
			productName = "pablq-app";
			productReference = 8FEA7EAF24B138230010FF91 /* LatestScores.app */;
			productType = "com.apple.product-type.application";
		};
		8FEA7EBF24B138250010FF91 /* LatestScoresTests */ = {
			isa = PBXNativeTarget;
			buildConfigurationList = 8FEA7ED724B138250010FF91 /* Build configuration list for PBXNativeTarget "LatestScoresTests" */;
			buildPhases = (
				8FEA7EBC24B138250010FF91 /* Sources */,
				8FEA7EBD24B138250010FF91 /* Frameworks */,
				8FEA7EBE24B138250010FF91 /* Resources */,
			);
			buildRules = (
			);
			dependencies = (
				8FEA7EC224B138250010FF91 /* PBXTargetDependency */,
			);
			name = LatestScoresTests;
			productName = "pablq-appTests";
			productReference = 8FEA7EC024B138250010FF91 /* LatestScoresTests.xctest */;
			productType = "com.apple.product-type.bundle.unit-test";
		};
		8FEA7ECA24B138250010FF91 /* LatestScoresUITests */ = {
			isa = PBXNativeTarget;
			buildConfigurationList = 8FEA7EDA24B138250010FF91 /* Build configuration list for PBXNativeTarget "LatestScoresUITests" */;
			buildPhases = (
				8FEA7EC724B138250010FF91 /* Sources */,
				8FEA7EC824B138250010FF91 /* Frameworks */,
				8FEA7EC924B138250010FF91 /* Resources */,
			);
			buildRules = (
			);
			dependencies = (
				8FEA7ECD24B138250010FF91 /* PBXTargetDependency */,
			);
			name = LatestScoresUITests;
			productName = "pablq-appUITests";
			productReference = 8FEA7ECB24B138250010FF91 /* LatestScoresUITests.xctest */;
			productType = "com.apple.product-type.bundle.ui-testing";
		};
/* End PBXNativeTarget section */

/* Begin PBXProject section */
		8FEA7EA724B138230010FF91 /* Project object */ = {
			isa = PBXProject;
			attributes = {
				LastSwiftUpdateCheck = 1220;
				LastUpgradeCheck = 1200;
				TargetAttributes = {
					8F2986FC25854A4A00EEE688 = {
						CreatedOnToolsVersion = 12.2;
					};
					8FEA7EAE24B138230010FF91 = {
						CreatedOnToolsVersion = 12.0;
					};
					8FEA7EBF24B138250010FF91 = {
						CreatedOnToolsVersion = 12.0;
						TestTargetID = 8FEA7EAE24B138230010FF91;
					};
					8FEA7ECA24B138250010FF91 = {
						CreatedOnToolsVersion = 12.0;
						TestTargetID = 8FEA7EAE24B138230010FF91;
					};
				};
			};
			buildConfigurationList = 8FEA7EAA24B138230010FF91 /* Build configuration list for PBXProject "pablq-app" */;
			compatibilityVersion = "Xcode 9.3";
			developmentRegion = en;
			hasScannedForEncodings = 0;
			knownRegions = (
				en,
				Base,
			);
			mainGroup = 8FEA7EA624B138230010FF91;
			productRefGroup = 8FEA7EB024B138230010FF91 /* Products */;
			projectDirPath = "";
			projectRoot = "";
			targets = (
				8FEA7EAE24B138230010FF91 /* LatestScores */,
				8FEA7EBF24B138250010FF91 /* LatestScoresTests */,
				8FEA7ECA24B138250010FF91 /* LatestScoresUITests */,
				8F2986FC25854A4A00EEE688 /* LatestScoresWidgetExtension */,
			);
		};
/* End PBXProject section */

/* Begin PBXResourcesBuildPhase section */
		8F2986FB25854A4A00EEE688 /* Resources */ = {
			isa = PBXResourcesBuildPhase;
			buildActionMask = 2147483647;
			files = (
				8F2DC6162585F66C00522FBE /* Assets.xcassets in Resources */,
				8F2DC60D2585F5F700522FBE /* Assets.xcassets in Resources */,
			);
			runOnlyForDeploymentPostprocessing = 0;
		};
		8FEA7EAD24B138230010FF91 /* Resources */ = {
			isa = PBXResourcesBuildPhase;
			buildActionMask = 2147483647;
			files = (
				8FEA7EBA24B138240010FF91 /* Preview Assets.xcassets in Resources */,
				8FEA7EB724B138240010FF91 /* Assets.xcassets in Resources */,
			);
			runOnlyForDeploymentPostprocessing = 0;
		};
		8FEA7EBE24B138250010FF91 /* Resources */ = {
			isa = PBXResourcesBuildPhase;
			buildActionMask = 2147483647;
			files = (
			);
			runOnlyForDeploymentPostprocessing = 0;
		};
		8FEA7EC924B138250010FF91 /* Resources */ = {
			isa = PBXResourcesBuildPhase;
			buildActionMask = 2147483647;
			files = (
			);
			runOnlyForDeploymentPostprocessing = 0;
		};
/* End PBXResourcesBuildPhase section */

/* Begin PBXShellScriptBuildPhase section */
		8F0A519A261E9E010073792F /* Swiftlint */ = {
			isa = PBXShellScriptBuildPhase;
			buildActionMask = 2147483647;
			files = (
			);
			inputFileListPaths = (
			);
			inputPaths = (
			);
			name = Swiftlint;
			outputFileListPaths = (
			);
			outputPaths = (
			);
			runOnlyForDeploymentPostprocessing = 0;
			shellPath = /bin/sh;
			shellScript = "if which swiftlint >/dev/null; then\n  swiftlint\nelse\n  echo \"warning: SwiftLint not installed, download from https://github.com/realm/SwiftLint\"\nfi\n";
		};
/* End PBXShellScriptBuildPhase section */

/* Begin PBXSourcesBuildPhase section */
		8F2986F925854A4A00EEE688 /* Sources */ = {
			isa = PBXSourcesBuildPhase;
			buildActionMask = 2147483647;
			files = (
				8F41F39525BCC48F00AD50FA /* WidgetEntryView.swift in Sources */,
				8F29870525854A4A00EEE688 /* LatestScoresWidget.swift in Sources */,
				8F5BB8F1261EB35B0019F32A /* Assets.swift in Sources */,
				8F41F38B25BCC45300AD50FA /* GameStatusEntry.swift in Sources */,
				8F29870A25854A4F00EEE688 /* LatestScoresWidget.intentdefinition in Sources */,
				8F41F43825BD1D2600AD50FA /* ConfigNFLTeam+StringValue.swift in Sources */,
				8F41F43E25BD1D5000AD50FA /* ConfigMLBTeam+StringValue.swift in Sources */,
				8F27AC5A2585791500A1C3C3 /* HttpClient.swift in Sources */,
				8F41F39B25BCC4B300AD50FA /* WidgetFooterView.swift in Sources */,
				8F41F44425BD1D7900AD50FA /* ConfigNHLTeam+StringValue.swift in Sources */,
				8F41F3A725BCC52400AD50FA /* WidgetLastUpdatedView.swift in Sources */,
				8F41F42325BD16A600AD50FA /* ConfigNBATeam+StringValue.swift in Sources */,
				8F27AC4D258553C000A1C3C3 /* Game.swift in Sources */,
				8F41F46125BD1E3400AD50FA /* ConfigurationIntent+StringValues.swift in Sources */,
				8F41F3AE25BCC54B00AD50FA /* WidgetTimelineProvider.swift in Sources */,
				8F41F42E25BD1CF000AD50FA /* ConfigLeague+League.swift in Sources */,
				8F41F42825BD170C00AD50FA /* League.swift in Sources */,
				8F41F3A125BCC4E100AD50FA /* WidgetConfigurationView.swift in Sources */,
				8F5BB8EC261EB3570019F32A /* SwiftUI+LatestScores.swift in Sources */,
			);
			runOnlyForDeploymentPostprocessing = 0;
		};
		8FEA7EAB24B138230010FF91 /* Sources */ = {
			isa = PBXSourcesBuildPhase;
			buildActionMask = 2147483647;
			files = (
				8F09984E24B2AF2900B10AB3 /* SheetHeaderView.swift in Sources */,
				8F117B0D261EAB8200B77985 /* Assets.swift in Sources */,
				8F41F3CE25BCC77300AD50FA /* AppAppearance.swift in Sources */,
				8F29870B25854A4F00EEE688 /* LatestScoresWidget.intentdefinition in Sources */,
				8F5BB8DD261EADB50019F32A /* League+LatestScores.swift in Sources */,
				8FD828DE24B16CD8007D813A /* SportCell.swift in Sources */,
				8F44190024B5842B0082F83C /* DismissSheetButton.swift in Sources */,
				8F09985224B2B10600B10AB3 /* EmptyStateView.swift in Sources */,
				8F09985024B2B0A700B10AB3 /* LoadingView.swift in Sources */,
				8FB59AC324B29C3900ECA2B5 /* HttpClient.swift in Sources */,
				8FEA7EE024B159340010FF91 /* GamesListView.swift in Sources */,
				8F4418F824B552C30082F83C /* Game.swift in Sources */,
				8F41F37E25BCAEE600AD50FA /* League.swift in Sources */,
				8FEA7EB524B138230010FF91 /* SportsListView.swift in Sources */,
				8F09984C24B2AEF400B10AB3 /* TitleView.swift in Sources */,
				8F41F3C825BCC74300AD50FA /* AppAction.swift in Sources */,
				8F5BB8E3261EAE560019F32A /* SwiftUI+LatestScores.swift in Sources */,
				8FEA7EB324B138230010FF91 /* LatestScoresApp.swift in Sources */,
				8F4418FE24B5711F0082F83C /* SportCellButtonStyle.swift in Sources */,
				8F4418FB24B552DA0082F83C /* AppState.swift in Sources */,
				8FD828DC24B16B6E007D813A /* GameCell.swift in Sources */,
			);
			runOnlyForDeploymentPostprocessing = 0;
		};
		8FEA7EBC24B138250010FF91 /* Sources */ = {
			isa = PBXSourcesBuildPhase;
			buildActionMask = 2147483647;
			files = (
				8F72CF3E24B4032A002CBCD9 /* GameTest.swift in Sources */,
			);
			runOnlyForDeploymentPostprocessing = 0;
		};
		8FEA7EC724B138250010FF91 /* Sources */ = {
			isa = PBXSourcesBuildPhase;
			buildActionMask = 2147483647;
			files = (
				8FEA7ED024B138250010FF91 /* LatestScoresUITests.swift in Sources */,
			);
			runOnlyForDeploymentPostprocessing = 0;
		};
/* End PBXSourcesBuildPhase section */

/* Begin PBXTargetDependency section */
		8F29870D25854A4F00EEE688 /* PBXTargetDependency */ = {
			isa = PBXTargetDependency;
			target = 8F2986FC25854A4A00EEE688 /* LatestScoresWidgetExtension */;
			targetProxy = 8F29870C25854A4F00EEE688 /* PBXContainerItemProxy */;
		};
		8FEA7EC224B138250010FF91 /* PBXTargetDependency */ = {
			isa = PBXTargetDependency;
			target = 8FEA7EAE24B138230010FF91 /* LatestScores */;
			targetProxy = 8FEA7EC124B138250010FF91 /* PBXContainerItemProxy */;
		};
		8FEA7ECD24B138250010FF91 /* PBXTargetDependency */ = {
			isa = PBXTargetDependency;
			target = 8FEA7EAE24B138230010FF91 /* LatestScores */;
			targetProxy = 8FEA7ECC24B138250010FF91 /* PBXContainerItemProxy */;
		};
/* End PBXTargetDependency section */

/* Begin XCBuildConfiguration section */
		8F29871025854A4F00EEE688 /* Debug */ = {
			isa = XCBuildConfiguration;
			buildSettings = {
				ASSETCATALOG_COMPILER_GLOBAL_ACCENT_COLOR_NAME = AccentColor;
				ASSETCATALOG_COMPILER_WIDGET_BACKGROUND_COLOR_NAME = WidgetBackground;
				CODE_SIGN_ENTITLEMENTS = LatestScoresWidgetExtension.entitlements;
				CODE_SIGN_STYLE = Automatic;
				CURRENT_PROJECT_VERSION = 1;
				DEVELOPMENT_TEAM = QVTTLF22GX;
				INFOPLIST_FILE = LatestScoresWidget/Info.plist;
				IPHONEOS_DEPLOYMENT_TARGET = 14.2;
				LD_RUNPATH_SEARCH_PATHS = (
					"$(inherited)",
					"@executable_path/Frameworks",
					"@executable_path/../../Frameworks",
				);
				MARKETING_VERSION = 1.2;
				PRODUCT_BUNDLE_IDENTIFIER = com.pablq.PablqApp.widget;
				PRODUCT_NAME = "$(TARGET_NAME)";
				SKIP_INSTALL = YES;
				SWIFT_VERSION = 5.0;
				TARGETED_DEVICE_FAMILY = "1,2";
			};
			name = Debug;
		};
		8F29871125854A4F00EEE688 /* Release */ = {
			isa = XCBuildConfiguration;
			buildSettings = {
				ASSETCATALOG_COMPILER_GLOBAL_ACCENT_COLOR_NAME = AccentColor;
				ASSETCATALOG_COMPILER_WIDGET_BACKGROUND_COLOR_NAME = WidgetBackground;
				CODE_SIGN_ENTITLEMENTS = LatestScoresWidgetExtension.entitlements;
				CODE_SIGN_STYLE = Automatic;
				CURRENT_PROJECT_VERSION = 1;
				DEVELOPMENT_TEAM = QVTTLF22GX;
				INFOPLIST_FILE = LatestScoresWidget/Info.plist;
				IPHONEOS_DEPLOYMENT_TARGET = 14.2;
				LD_RUNPATH_SEARCH_PATHS = (
					"$(inherited)",
					"@executable_path/Frameworks",
					"@executable_path/../../Frameworks",
				);
				MARKETING_VERSION = 1.2;
				PRODUCT_BUNDLE_IDENTIFIER = com.pablq.PablqApp.widget;
				PRODUCT_NAME = "$(TARGET_NAME)";
				SKIP_INSTALL = YES;
				SWIFT_VERSION = 5.0;
				TARGETED_DEVICE_FAMILY = "1,2";
			};
			name = Release;
		};
		8FEA7ED224B138250010FF91 /* Debug */ = {
			isa = XCBuildConfiguration;
			buildSettings = {
				ALWAYS_SEARCH_USER_PATHS = NO;
				CLANG_ANALYZER_NONNULL = YES;
				CLANG_ANALYZER_NUMBER_OBJECT_CONVERSION = YES_AGGRESSIVE;
				CLANG_CXX_LANGUAGE_STANDARD = "gnu++14";
				CLANG_CXX_LIBRARY = "libc++";
				CLANG_ENABLE_MODULES = YES;
				CLANG_ENABLE_OBJC_ARC = YES;
				CLANG_ENABLE_OBJC_WEAK = YES;
				CLANG_WARN_BLOCK_CAPTURE_AUTORELEASING = YES;
				CLANG_WARN_BOOL_CONVERSION = YES;
				CLANG_WARN_COMMA = YES;
				CLANG_WARN_CONSTANT_CONVERSION = YES;
				CLANG_WARN_DEPRECATED_OBJC_IMPLEMENTATIONS = YES;
				CLANG_WARN_DIRECT_OBJC_ISA_USAGE = YES_ERROR;
				CLANG_WARN_DOCUMENTATION_COMMENTS = YES;
				CLANG_WARN_EMPTY_BODY = YES;
				CLANG_WARN_ENUM_CONVERSION = YES;
				CLANG_WARN_INFINITE_RECURSION = YES;
				CLANG_WARN_INT_CONVERSION = YES;
				CLANG_WARN_NON_LITERAL_NULL_CONVERSION = YES;
				CLANG_WARN_OBJC_IMPLICIT_RETAIN_SELF = YES;
				CLANG_WARN_OBJC_LITERAL_CONVERSION = YES;
				CLANG_WARN_OBJC_ROOT_CLASS = YES_ERROR;
				CLANG_WARN_QUOTED_INCLUDE_IN_FRAMEWORK_HEADER = YES;
				CLANG_WARN_RANGE_LOOP_ANALYSIS = YES;
				CLANG_WARN_STRICT_PROTOTYPES = YES;
				CLANG_WARN_SUSPICIOUS_MOVE = YES;
				CLANG_WARN_UNGUARDED_AVAILABILITY = YES_AGGRESSIVE;
				CLANG_WARN_UNREACHABLE_CODE = YES;
				CLANG_WARN__DUPLICATE_METHOD_MATCH = YES;
				COPY_PHASE_STRIP = NO;
				DEBUG_INFORMATION_FORMAT = dwarf;
				ENABLE_STRICT_OBJC_MSGSEND = YES;
				ENABLE_TESTABILITY = YES;
				GCC_C_LANGUAGE_STANDARD = gnu11;
				GCC_DYNAMIC_NO_PIC = NO;
				GCC_NO_COMMON_BLOCKS = YES;
				GCC_OPTIMIZATION_LEVEL = 0;
				GCC_PREPROCESSOR_DEFINITIONS = (
					"DEBUG=1",
					"$(inherited)",
				);
				GCC_WARN_64_TO_32_BIT_CONVERSION = YES;
				GCC_WARN_ABOUT_RETURN_TYPE = YES_ERROR;
				GCC_WARN_UNDECLARED_SELECTOR = YES;
				GCC_WARN_UNINITIALIZED_AUTOS = YES_AGGRESSIVE;
				GCC_WARN_UNUSED_FUNCTION = YES;
				GCC_WARN_UNUSED_VARIABLE = YES;
				IPHONEOS_DEPLOYMENT_TARGET = 14.0;
				MTL_ENABLE_DEBUG_INFO = INCLUDE_SOURCE;
				MTL_FAST_MATH = YES;
				ONLY_ACTIVE_ARCH = YES;
				SDKROOT = iphoneos;
				SWIFT_ACTIVE_COMPILATION_CONDITIONS = DEBUG;
				SWIFT_OPTIMIZATION_LEVEL = "-Onone";
			};
			name = Debug;
		};
		8FEA7ED324B138250010FF91 /* Release */ = {
			isa = XCBuildConfiguration;
			buildSettings = {
				ALWAYS_SEARCH_USER_PATHS = NO;
				CLANG_ANALYZER_NONNULL = YES;
				CLANG_ANALYZER_NUMBER_OBJECT_CONVERSION = YES_AGGRESSIVE;
				CLANG_CXX_LANGUAGE_STANDARD = "gnu++14";
				CLANG_CXX_LIBRARY = "libc++";
				CLANG_ENABLE_MODULES = YES;
				CLANG_ENABLE_OBJC_ARC = YES;
				CLANG_ENABLE_OBJC_WEAK = YES;
				CLANG_WARN_BLOCK_CAPTURE_AUTORELEASING = YES;
				CLANG_WARN_BOOL_CONVERSION = YES;
				CLANG_WARN_COMMA = YES;
				CLANG_WARN_CONSTANT_CONVERSION = YES;
				CLANG_WARN_DEPRECATED_OBJC_IMPLEMENTATIONS = YES;
				CLANG_WARN_DIRECT_OBJC_ISA_USAGE = YES_ERROR;
				CLANG_WARN_DOCUMENTATION_COMMENTS = YES;
				CLANG_WARN_EMPTY_BODY = YES;
				CLANG_WARN_ENUM_CONVERSION = YES;
				CLANG_WARN_INFINITE_RECURSION = YES;
				CLANG_WARN_INT_CONVERSION = YES;
				CLANG_WARN_NON_LITERAL_NULL_CONVERSION = YES;
				CLANG_WARN_OBJC_IMPLICIT_RETAIN_SELF = YES;
				CLANG_WARN_OBJC_LITERAL_CONVERSION = YES;
				CLANG_WARN_OBJC_ROOT_CLASS = YES_ERROR;
				CLANG_WARN_QUOTED_INCLUDE_IN_FRAMEWORK_HEADER = YES;
				CLANG_WARN_RANGE_LOOP_ANALYSIS = YES;
				CLANG_WARN_STRICT_PROTOTYPES = YES;
				CLANG_WARN_SUSPICIOUS_MOVE = YES;
				CLANG_WARN_UNGUARDED_AVAILABILITY = YES_AGGRESSIVE;
				CLANG_WARN_UNREACHABLE_CODE = YES;
				CLANG_WARN__DUPLICATE_METHOD_MATCH = YES;
				COPY_PHASE_STRIP = NO;
				DEBUG_INFORMATION_FORMAT = "dwarf-with-dsym";
				ENABLE_NS_ASSERTIONS = NO;
				ENABLE_STRICT_OBJC_MSGSEND = YES;
				GCC_C_LANGUAGE_STANDARD = gnu11;
				GCC_NO_COMMON_BLOCKS = YES;
				GCC_WARN_64_TO_32_BIT_CONVERSION = YES;
				GCC_WARN_ABOUT_RETURN_TYPE = YES_ERROR;
				GCC_WARN_UNDECLARED_SELECTOR = YES;
				GCC_WARN_UNINITIALIZED_AUTOS = YES_AGGRESSIVE;
				GCC_WARN_UNUSED_FUNCTION = YES;
				GCC_WARN_UNUSED_VARIABLE = YES;
				IPHONEOS_DEPLOYMENT_TARGET = 14.0;
				MTL_ENABLE_DEBUG_INFO = NO;
				MTL_FAST_MATH = YES;
				SDKROOT = iphoneos;
				SWIFT_COMPILATION_MODE = wholemodule;
				SWIFT_OPTIMIZATION_LEVEL = "-O";
				VALIDATE_PRODUCT = YES;
			};
			name = Release;
		};
		8FEA7ED524B138250010FF91 /* Debug */ = {
			isa = XCBuildConfiguration;
			buildSettings = {
				ALWAYS_EMBED_SWIFT_STANDARD_LIBRARIES = YES;
				ASSETCATALOG_COMPILER_APPICON_NAME = AppIcon;
				ASSETCATALOG_COMPILER_GLOBAL_ACCENT_COLOR_NAME = AccentColor;
				CODE_SIGN_IDENTITY = "Apple Development";
				CODE_SIGN_STYLE = Automatic;
				CURRENT_PROJECT_VERSION = 1;
				DEVELOPMENT_ASSET_PATHS = "\"LatestScores/Preview Content\"";
				DEVELOPMENT_TEAM = QVTTLF22GX;
				ENABLE_PREVIEWS = YES;
				INFOPLIST_FILE = LatestScores/Info.plist;
				IPHONEOS_DEPLOYMENT_TARGET = 14.0;
				LD_RUNPATH_SEARCH_PATHS = (
					"$(inherited)",
					"@executable_path/Frameworks",
				);
				MARKETING_VERSION = 1.2;
				PRODUCT_BUNDLE_IDENTIFIER = com.pablq.PablqApp;
				PRODUCT_NAME = "$(TARGET_NAME)";
				PROVISIONING_PROFILE_SPECIFIER = "";
				SWIFT_VERSION = 5.0;
				TARGETED_DEVICE_FAMILY = "1,2";
			};
			name = Debug;
		};
		8FEA7ED624B138250010FF91 /* Release */ = {
			isa = XCBuildConfiguration;
			buildSettings = {
				ALWAYS_EMBED_SWIFT_STANDARD_LIBRARIES = YES;
				ASSETCATALOG_COMPILER_APPICON_NAME = AppIcon;
				ASSETCATALOG_COMPILER_GLOBAL_ACCENT_COLOR_NAME = AccentColor;
				CODE_SIGN_IDENTITY = "Apple Development";
				CODE_SIGN_STYLE = Automatic;
				CURRENT_PROJECT_VERSION = 1;
				DEVELOPMENT_ASSET_PATHS = "\"LatestScores/Preview Content\"";
				DEVELOPMENT_TEAM = QVTTLF22GX;
				ENABLE_PREVIEWS = YES;
				INFOPLIST_FILE = LatestScores/Info.plist;
				IPHONEOS_DEPLOYMENT_TARGET = 14.0;
				LD_RUNPATH_SEARCH_PATHS = (
					"$(inherited)",
					"@executable_path/Frameworks",
				);
				MARKETING_VERSION = 1.2;
				PRODUCT_BUNDLE_IDENTIFIER = com.pablq.PablqApp;
				PRODUCT_NAME = "$(TARGET_NAME)";
				PROVISIONING_PROFILE_SPECIFIER = "";
				SWIFT_VERSION = 5.0;
				TARGETED_DEVICE_FAMILY = "1,2";
			};
			name = Release;
		};
		8FEA7ED824B138250010FF91 /* Debug */ = {
			isa = XCBuildConfiguration;
			buildSettings = {
				ALWAYS_EMBED_SWIFT_STANDARD_LIBRARIES = YES;
				BUNDLE_LOADER = "$(TEST_HOST)";
				CODE_SIGN_STYLE = Automatic;
				DEVELOPMENT_TEAM = QVTTLF22GX;
				INFOPLIST_FILE = LatestScoresTests/Info.plist;
				IPHONEOS_DEPLOYMENT_TARGET = 14.0;
				LD_RUNPATH_SEARCH_PATHS = (
					"$(inherited)",
					"@executable_path/Frameworks",
					"@loader_path/Frameworks",
				);
				PRODUCT_BUNDLE_IDENTIFIER = com.pablq.LatestScoresTests;
				PRODUCT_NAME = "$(TARGET_NAME)";
				SWIFT_VERSION = 5.0;
				TARGETED_DEVICE_FAMILY = "1,2";
				TEST_HOST = "$(BUILT_PRODUCTS_DIR)/LatestScores.app/LatestScores";
			};
			name = Debug;
		};
		8FEA7ED924B138250010FF91 /* Release */ = {
			isa = XCBuildConfiguration;
			buildSettings = {
				ALWAYS_EMBED_SWIFT_STANDARD_LIBRARIES = YES;
				BUNDLE_LOADER = "$(TEST_HOST)";
				CODE_SIGN_STYLE = Automatic;
				DEVELOPMENT_TEAM = QVTTLF22GX;
				INFOPLIST_FILE = LatestScoresTests/Info.plist;
				IPHONEOS_DEPLOYMENT_TARGET = 14.0;
				LD_RUNPATH_SEARCH_PATHS = (
					"$(inherited)",
					"@executable_path/Frameworks",
					"@loader_path/Frameworks",
				);
				PRODUCT_BUNDLE_IDENTIFIER = com.pablq.LatestScoresTests;
				PRODUCT_NAME = "$(TARGET_NAME)";
				SWIFT_VERSION = 5.0;
				TARGETED_DEVICE_FAMILY = "1,2";
				TEST_HOST = "$(BUILT_PRODUCTS_DIR)/LatestScores.app/LatestScores";
			};
			name = Release;
		};
		8FEA7EDB24B138250010FF91 /* Debug */ = {
			isa = XCBuildConfiguration;
			buildSettings = {
				ALWAYS_EMBED_SWIFT_STANDARD_LIBRARIES = YES;
				CODE_SIGN_STYLE = Automatic;
				DEVELOPMENT_TEAM = QVTTLF22GX;
				INFOPLIST_FILE = LatestScoresUITests/Info.plist;
				LD_RUNPATH_SEARCH_PATHS = (
					"$(inherited)",
					"@executable_path/Frameworks",
					"@loader_path/Frameworks",
				);
				PRODUCT_BUNDLE_IDENTIFIER = com.pablq.LatestScoresUITests;
				PRODUCT_NAME = "$(TARGET_NAME)";
				SWIFT_VERSION = 5.0;
				TARGETED_DEVICE_FAMILY = "1,2";
				TEST_TARGET_NAME = LatestScores;
			};
			name = Debug;
		};
		8FEA7EDC24B138250010FF91 /* Release */ = {
			isa = XCBuildConfiguration;
			buildSettings = {
				ALWAYS_EMBED_SWIFT_STANDARD_LIBRARIES = YES;
				CODE_SIGN_STYLE = Automatic;
				DEVELOPMENT_TEAM = QVTTLF22GX;
				INFOPLIST_FILE = LatestScoresUITests/Info.plist;
				LD_RUNPATH_SEARCH_PATHS = (
					"$(inherited)",
					"@executable_path/Frameworks",
					"@loader_path/Frameworks",
				);
				PRODUCT_BUNDLE_IDENTIFIER = com.pablq.LatestScoresUITests;
				PRODUCT_NAME = "$(TARGET_NAME)";
				SWIFT_VERSION = 5.0;
				TARGETED_DEVICE_FAMILY = "1,2";
				TEST_TARGET_NAME = LatestScores;
			};
			name = Release;
		};
/* End XCBuildConfiguration section */

/* Begin XCConfigurationList section */
		8F29871225854A4F00EEE688 /* Build configuration list for PBXNativeTarget "LatestScoresWidgetExtension" */ = {
			isa = XCConfigurationList;
			buildConfigurations = (
				8F29871025854A4F00EEE688 /* Debug */,
				8F29871125854A4F00EEE688 /* Release */,
			);
			defaultConfigurationIsVisible = 0;
			defaultConfigurationName = Release;
		};
		8FEA7EAA24B138230010FF91 /* Build configuration list for PBXProject "pablq-app" */ = {
			isa = XCConfigurationList;
			buildConfigurations = (
				8FEA7ED224B138250010FF91 /* Debug */,
				8FEA7ED324B138250010FF91 /* Release */,
			);
			defaultConfigurationIsVisible = 0;
			defaultConfigurationName = Release;
		};
		8FEA7ED424B138250010FF91 /* Build configuration list for PBXNativeTarget "LatestScores" */ = {
			isa = XCConfigurationList;
			buildConfigurations = (
				8FEA7ED524B138250010FF91 /* Debug */,
				8FEA7ED624B138250010FF91 /* Release */,
			);
			defaultConfigurationIsVisible = 0;
			defaultConfigurationName = Release;
		};
		8FEA7ED724B138250010FF91 /* Build configuration list for PBXNativeTarget "LatestScoresTests" */ = {
			isa = XCConfigurationList;
			buildConfigurations = (
				8FEA7ED824B138250010FF91 /* Debug */,
				8FEA7ED924B138250010FF91 /* Release */,
			);
			defaultConfigurationIsVisible = 0;
			defaultConfigurationName = Release;
		};
		8FEA7EDA24B138250010FF91 /* Build configuration list for PBXNativeTarget "LatestScoresUITests" */ = {
			isa = XCConfigurationList;
			buildConfigurations = (
				8FEA7EDB24B138250010FF91 /* Debug */,
				8FEA7EDC24B138250010FF91 /* Release */,
			);
			defaultConfigurationIsVisible = 0;
			defaultConfigurationName = Release;
		};
/* End XCConfigurationList section */
	};
	rootObject = 8FEA7EA724B138230010FF91 /* Project object */;
}
